
Microsoft Visual Studio Solution File, Format Version 12.00
# Visual Studio Version 17
VisualStudioVersion = 17.8.34408.163
MinimumVisualStudioVersion = 10.0.40219.1
Project("{F184B08F-C81C-45F6-A57F-5ABD9991F28F}") = "3. Simple Arithmatic", "3. Simple Arithmatic.vbproj", "{B62F8902-9316-44A9-BD3B-61FEBA3E0F04}"
EndProject
Global
	GlobalSection(SolutionConfigurationPlatforms) = preSolution
		Debug|Any CPU = Debug|Any CPU
		Release|Any CPU = Release|Any CPU
	EndGlobalSection
	GlobalSection(ProjectConfigurationPlatforms) = postSolution
		{B62F8902-9316-44A9-BD3B-61FEBA3E0F04}.Debug|Any CPU.ActiveCfg = Debug|Any CPU
		{B62F8902-9316-44A9-BD3B-61FEBA3E0F04}.Debug|Any CPU.Build.0 = Debug|Any CPU
		{B62F8902-9316-44A9-BD3B-61FEBA3E0F04}.Release|Any CPU.ActiveCfg = Release|Any CPU
		{B62F8902-9316-44A9-BD3B-61FEBA3E0F04}.Release|Any CPU.Build.0 = Release|Any CPU
	EndGlobalSection
	GlobalSection(SolutionProperties) = preSolution
		HideSolutionNode = FALSE
	EndGlobalSection
	GlobalSection(ExtensibilityGlobals) = postSolution
		SolutionGuid = {891EE43F-869A-4EC9-A105-E3713DDE2534}
	EndGlobalSection
EndGlobal
